
Microsoft Visual Studio Solution File, Format Version 12.00
# Visual Studio 2012
Project("{FAE04EC0-301F-11D3-BF4B-00C04F79EFBC}") = "DublettenCheck", "DublettenCheck\DublettenCheck.csproj", "{1257BDB9-620D-4100-A0E5-094E3A237DE2}"
EndProject
Global
	GlobalSection(SolutionConfigurationPlatforms) = preSolution
		Debug|Any CPU = Debug|Any CPU
		Release|Any CPU = Release|Any CPU
	EndGlobalSection
	GlobalSection(ProjectConfigurationPlatforms) = postSolution
		{1257BDB9-620D-4100-A0E5-094E3A237DE2}.Debug|Any CPU.ActiveCfg = Debug|Any CPU
		{1257BDB9-620D-4100-A0E5-094E3A237DE2}.Debug|Any CPU.Build.0 = Debug|Any CPU
		{1257BDB9-620D-4100-A0E5-094E3A237DE2}.Release|Any CPU.ActiveCfg = Release|Any CPU
		{1257BDB9-620D-4100-A0E5-094E3A237DE2}.Release|Any CPU.Build.0 = Release|Any CPU
	EndGlobalSection
	GlobalSection(SolutionProperties) = preSolution
		HideSolutionNode = FALSE
	EndGlobalSection
EndGlobal
